// !$*UTF8*$!
{
	archiveVersion = 1;
	classes = {
	};
	objectVersion = 46;
	objects = {

/* Begin PBXBuildFile section */
		67CE8B611CEF72AA000E7EC4 /* AppDelegate.swift in Sources */ = {isa = PBXBuildFile; fileRef = 67CE8B601CEF72AA000E7EC4 /* AppDelegate.swift */; };
		67CE8B631CEF72AA000E7EC4 /* ViewController.swift in Sources */ = {isa = PBXBuildFile; fileRef = 67CE8B621CEF72AA000E7EC4 /* ViewController.swift */; };
		67CE8B661CEF72AA000E7EC4 /* Main.storyboard in Resources */ = {isa = PBXBuildFile; fileRef = 67CE8B641CEF72AA000E7EC4 /* Main.storyboard */; };
		67CE8B681CEF72AA000E7EC4 /* Assets.xcassets in Resources */ = {isa = PBXBuildFile; fileRef = 67CE8B671CEF72AA000E7EC4 /* Assets.xcassets */; };
		67CE8B6B1CEF72AA000E7EC4 /* LaunchScreen.storyboard in Resources */ = {isa = PBXBuildFile; fileRef = 67CE8B691CEF72AA000E7EC4 /* LaunchScreen.storyboard */; };
/* End PBXBuildFile section */

/* Begin PBXFileReference section */
		67CE8B5D1CEF72AA000E7EC4 /* tableViews.app */ = {isa = PBXFileReference; explicitFileType = wrapper.application; includeInIndex = 0; path = tableViews.app; sourceTree = BUILT_PRODUCTS_DIR; };
		67CE8B601CEF72AA000E7EC4 /* AppDelegate.swift */ = {isa = PBXFileReference; lastKnownFileType = sourcecode.swift; path = AppDelegate.swift; sourceTree = "<group>"; };
		67CE8B621CEF72AA000E7EC4 /* ViewController.swift */ = {isa = PBXFileReference; lastKnownFileType = sourcecode.swift; path = ViewController.swift; sourceTree = "<group>"; };
		67CE8B651CEF72AA000E7EC4 /* Base */ = {isa = PBXFileReference; lastKnownFileType = file.storyboard; name = Base; path = Base.lproj/Main.storyboard; sourceTree = "<group>"; };
		67CE8B671CEF72AA000E7EC4 /* Assets.xcassets */ = {isa = PBXFileReference; lastKnownFileType = folder.assetcatalog; path = Assets.xcassets; sourceTree = "<group>"; };
		67CE8B6A1CEF72AA000E7EC4 /* Base */ = {isa = PBXFileReference; lastKnownFileType = file.storyboard; name = Base; path = Base.lproj/LaunchScreen.storyboard; sourceTree = "<group>"; };
		67CE8B6C1CEF72AA000E7EC4 /* Info.plist */ = {isa = PBXFileReference; lastKnownFileType = text.plist.xml; path = Info.plist; sourceTree = "<group>"; };
/* End PBXFileReference section */

/* Begin PBXFrameworksBuildPhase section */
		67CE8B5A1CEF72AA000E7EC4 /* Frameworks */ = {
			isa = PBXFrameworksBuildPhase;
			buildActionMask = 2147483647;
			files = (
			);
			runOnlyForDeploymentPostprocessing = 0;
		};
/* End PBXFrameworksBuildPhase section */

/* Begin PBXGroup section */
		67CE8B541CEF72AA000E7EC4 = {
			isa = PBXGroup;
			children = (
				67CE8B5F1CEF72AA000E7EC4 /* tableViews */,
				67CE8B5E1CEF72AA000E7EC4 /* Products */,
			);
			sourceTree = "<group>";
		};
		67CE8B5E1CEF72AA000E7EC4 /* Products */ = {
			isa = PBXGroup;
			children = (
				67CE8B5D1CEF72AA000E7EC4 /* tableViews.app */,
			);
			name = Products;
			sourceTree = "<group>";
		};
		67CE8B5F1CEF72AA000E7EC4 /* tableViews */ = {
			isa = PBXGroup;
			children = (
				67CE8B601CEF72AA000E7EC4 /* AppDelegate.swift */,
				67CE8B621CEF72AA000E7EC4 /* ViewController.swift */,
				67CE8B641CEF72AA000E7EC4 /* Main.storyboard */,
				67CE8B671CEF72AA000E7EC4 /* Assets.xcassets */,
				67CE8B691CEF72AA000E7EC4 /* LaunchScreen.storyboard */,
				67CE8B6C1CEF72AA000E7EC4 /* Info.plist */,
			);
			path = tableViews;
			sourceTree = "<group>";
		};
/* End PBXGroup section */

/* Begin PBXNativeTarget section */
		67CE8B5C1CEF72AA000E7EC4 /* tableViews */ = {
			isa = PBXNativeTarget;
			buildConfigurationList = 67CE8B6F1CEF72AA000E7EC4 /* Build configuration list for PBXNativeTarget "tableViews" */;
			buildPhases = (
				67CE8B591CEF72AA000E7EC4 /* Sources */,
				67CE8B5A1CEF72AA000E7EC4 /* Frameworks */,
				67CE8B5B1CEF72AA000E7EC4 /* Resources */,
			);
			buildRules = (
			);
			dependencies = (
			);
			name = tableViews;
			productName = tableViews;
			productReference = 67CE8B5D1CEF72AA000E7EC4 /* tableViews.app */;
			productType = "com.apple.product-type.application";
		};
/* End PBXNativeTarget section */

/* Begin PBXProject section */
		67CE8B551CEF72AA000E7EC4 /* Project object */ = {
			isa = PBXProject;
			attributes = {
				LastSwiftUpdateCheck = 0730;
				LastUpgradeCheck = 0730;
				ORGANIZATIONNAME = "Kaylan Smith";
				TargetAttributes = {
					67CE8B5C1CEF72AA000E7EC4 = {
						CreatedOnToolsVersion = 7.3.1;
					};
				};
			};
			buildConfigurationList = 67CE8B581CEF72AA000E7EC4 /* Build configuration list for PBXProject "tableViews" */;
			compatibilityVersion = "Xcode 3.2";
			developmentRegion = English;
			hasScannedForEncodings = 0;
			knownRegions = (
				en,
				Base,
			);
			mainGroup = 67CE8B541CEF72AA000E7EC4;
			productRefGroup = 67CE8B5E1CEF72AA000E7EC4 /* Products */;
			projectDirPath = "";
			projectRoot = "";
			targets = (
				67CE8B5C1CEF72AA000E7EC4 /* tableViews */,
			);
		};
/* End PBXProject section */

/* Begin PBXResourcesBuildPhase section */
		67CE8B5B1CEF72AA000E7EC4 /* Resources */ = {
			isa = PBXResourcesBuildPhase;
			buildActionMask = 2147483647;
			files = (
				67CE8B6B1CEF72AA000E7EC4 /* LaunchScreen.storyboard in Resources */,
				67CE8B681CEF72AA000E7EC4 /* Assets.xcassets in Resources */,
				67CE8B661CEF72AA000E7EC4 /* Main.storyboard in Resources */,
			);
			runOnlyForDeploymentPostprocessing = 0;
		};
/* End PBXResourcesBuildPhase section */

/* Begin PBXSourcesBuildPhase section */
		67CE8B591CEF72AA000E7EC4 /* Sources */ = {
			isa = PBXSourcesBuildPhase;
			buildActionMask = 2147483647;
			files = (
				67CE8B631CEF72AA000E7EC4 /* ViewController.swift in Sources */,
				67CE8B611CEF72AA000E7EC4 /* AppDelegate.swift in Sources */,
			);
			runOnlyForDeploymentPostprocessing = 0;
		};
/* End PBXSourcesBuildPhase section */

/* Begin PBXVariantGroup section */
		67CE8B641CEF72AA000E7EC4 /* Main.storyboard */ = {
			isa = PBXVariantGroup;
			children = (
				67CE8B651CEF72AA000E7EC4 /* Base */,
			);
			name = Main.storyboard;
			sourceTree = "<group>";
		};
		67CE8B691CEF72AA000E7EC4 /* LaunchScreen.storyboard */ = {
			isa = PBXVariantGroup;
			children = (
				67CE8B6A1CEF72AA000E7EC4 /* Base */,
			);
			name = LaunchScreen.storyboard;
			sourceTree = "<group>";
		};
/* End PBXVariantGroup section */

/* Begin XCBuildConfiguration section */
		67CE8B6D1CEF72AA000E7EC4 /* Debug */ = {
			isa = XCBuildConfiguration;
			buildSettings = {
				ALWAYS_SEARCH_USER_PATHS = NO;
				CLANG_ANALYZER_NONNULL = YES;
				CLANG_CXX_LANGUAGE_STANDARD = "gnu++0x";
				CLANG_CXX_LIBRARY = "libc++";
				CLANG_ENABLE_MODULES = YES;
				CLANG_ENABLE_OBJC_ARC = YES;
				CLANG_WARN_BOOL_CONVERSION = YES;
				CLANG_WARN_CONSTANT_CONVERSION = YES;
				CLANG_WARN_DIRECT_OBJC_ISA_USAGE = YES_ERROR;
				CLANG_WARN_EMPTY_BODY = YES;
				CLANG_WARN_ENUM_CONVERSION = YES;
				CLANG_WARN_INT_CONVERSION = YES;
				CLANG_WARN_OBJC_ROOT_CLASS = YES_ERROR;
				CLANG_WARN_UNREACHABLE_CODE = YES;
				CLANG_WARN__DUPLICATE_METHOD_MATCH = YES;
				"CODE_SIGN_IDENTITY[sdk=iphoneos*]" = "iPhone Developer";
				COPY_PHASE_STRIP = NO;
				DEBUG_INFORMATION_FORMAT = dwarf;
				ENABLE_STRICT_OBJC_MSGSEND = YES;
				ENABLE_TESTABILITY = YES;
				GCC_C_LANGUAGE_STANDARD = gnu99;
				GCC_DYNAMIC_NO_PIC = NO;
				GCC_NO_COMMON_BLOCKS = YES;
				GCC_OPTIMIZATION_LEVEL = 0;
				GCC_PREPROCESSOR_DEFINITIONS = (
					"DEBUG=1",
					"$(inherited)",
				);
				GCC_WARN_64_TO_32_BIT_CONVERSION = YES;
				GCC_WARN_ABOUT_RETURN_TYPE = YES_ERROR;
				GCC_WARN_UNDECLARED_SELECTOR = YES;
				GCC_WARN_UNINITIALIZED_AUTOS = YES_AGGRESSIVE;
				GCC_WARN_UNUSED_FUNCTION = YES;
				GCC_WARN_UNUSED_VARIABLE = YES;
				IPHONEOS_DEPLOYMENT_TARGET = 9.3;
				MTL_ENABLE_DEBUG_INFO = YES;
				ONLY_ACTIVE_ARCH = YES;
				SDKROOT = iphoneos;
				SWIFT_OPTIMIZATION_LEVEL = "-Onone";
			};
			name = Debug;
		};
		67CE8B6E1CEF72AA000E7EC4 /* Release */ = {
			isa = XCBuildConfiguration;
			buildSettings = {
				ALWAYS_SEARCH_USER_PATHS = NO;
				CLANG_ANALYZER_NONNULL = YES;
				CLANG_CXX_LANGUAGE_STANDARD = "gnu++0x";
				CLANG_CXX_LIBRARY = "libc++";
				CLANG_ENABLE_MODULES = YES;
				CLANG_ENABLE_OBJC_ARC = YES;
				CLANG_WARN_BOOL_CONVERSION = YES;
				CLANG_WARN_CONSTANT_CONVERSION = YES;
				CLANG_WARN_DIRECT_OBJC_ISA_USAGE = YES_ERROR;
				CLANG_WARN_EMPTY_BODY = YES;
				CLANG_WARN_ENUM_CONVERSION = YES;
				CLANG_WARN_INT_CONVERSION = YES;
				CLANG_WARN_OBJC_ROOT_CLASS = YES_ERROR;
				CLANG_WARN_UNREACHABLE_CODE = YES;
				CLANG_WARN__DUPLICATE_METHOD_MATCH = YES;
				"CODE_SIGN_IDENTITY[sdk=iphoneos*]" = "iPhone Developer";
				COPY_PHASE_STRIP = NO;
				DEBUG_INFORMATION_FORMAT = "dwarf-with-dsym";
				ENABLE_NS_ASSERTIONS = NO;
				ENABLE_STRICT_OBJC_MSGSEND = YES;
				GCC_C_LANGUAGE_STANDARD = gnu99;
				GCC_NO_COMMON_BLOCKS = YES;
				GCC_WARN_64_TO_32_BIT_CONVERSION = YES;
				GCC_WARN_ABOUT_RETURN_TYPE = YES_ERROR;
				GCC_WARN_UNDECLARED_SELECTOR = YES;
				GCC_WARN_UNINITIALIZED_AUTOS = YES_AGGRESSIVE;
				GCC_WARN_UNUSED_FUNCTION = YES;
				GCC_WARN_UNUSED_VARIABLE = YES;
				IPHONEOS_DEPLOYMENT_TARGET = 9.3;
				MTL_ENABLE_DEBUG_INFO = NO;
				SDKROOT = iphoneos;
				VALIDATE_PRODUCT = YES;
			};
			name = Release;
		};
		67CE8B701CEF72AA000E7EC4 /* Debug */ = {
			isa = XCBuildConfiguration;
			buildSettings = {
				ASSETCATALOG_COMPILER_APPICON_NAME = AppIcon;
				INFOPLIST_FILE = tableViews/Info.plist;
				LD_RUNPATH_SEARCH_PATHS = "$(inherited) @executable_path/Frameworks";
				PRODUCT_BUNDLE_IDENTIFIER = com.kaylansmith.tableViews;
				PRODUCT_NAME = "$(TARGET_NAME)";
			};
			name = Debug;
		};
		67CE8B711CEF72AA000E7EC4 /* Release */ = {
			isa = XCBuildConfiguration;
			buildSettings = {
				ASSETCATALOG_COMPILER_APPICON_NAME = AppIcon;
				INFOPLIST_FILE = tableViews/Info.plist;
				LD_RUNPATH_SEARCH_PATHS = "$(inherited) @executable_path/Frameworks";
				PRODUCT_BUNDLE_IDENTIFIER = com.kaylansmith.tableViews;
				PRODUCT_NAME = "$(TARGET_NAME)";
			};
			name = Release;
		};
/* End XCBuildConfiguration section */

/* Begin XCConfigurationList section */
		67CE8B581CEF72AA000E7EC4 /* Build configuration list for PBXProject "tableViews" */ = {
			isa = XCConfigurationList;
			buildConfigurations = (
				67CE8B6D1CEF72AA000E7EC4 /* Debug */,
				67CE8B6E1CEF72AA000E7EC4 /* Release */,
			);
			defaultConfigurationIsVisible = 0;
			defaultConfigurationName = Release;
		};
		67CE8B6F1CEF72AA000E7EC4 /* Build configuration list for PBXNativeTarget "tableViews" */ = {
			isa = XCConfigurationList;
			buildConfigurations = (
				67CE8B701CEF72AA000E7EC4 /* Debug */,
				67CE8B711CEF72AA000E7EC4 /* Release */,
			);
			defaultConfigurationIsVisible = 0;
		};
/* End XCConfigurationList section */
	};
	rootObject = 67CE8B551CEF72AA000E7EC4 /* Project object */;
}
